PODS:
  - ActionSheetPicker-3.0 (2.3.1)
  - Alamofire (5.4.3)
  - AMPopTip (4.5.3)
  - Bolts (1.9.1):
    - Bolts/AppLinks (= 1.9.1)
    - Bolts/Tasks (= 1.9.1)
  - Bolts/AppLinks (1.9.1):
    - Bolts/Tasks
  - Bolts/Tasks (1.9.1)
  - Carte (2.2.1)
  - CropViewController (2.6.0)
  - Disk (0.4.0)
  - FacebookCore (0.9.0):
    - FBSDKCoreKit (~> 5.0)
  - FBSDKCoreKit (5.15.1):
    - FBSDKCoreKit/Basics (= 5.15.1)
    - FBSDKCoreKit/Core (= 5.15.1)
  - FBSDKCoreKit/Basics (5.15.1)
  - FBSDKCoreKit/Core (5.15.1):
    - FBSDKCoreKit/Basics
  - FBSDKLoginKit (5.15.1):
    - FBSDKLoginKit/Login (= 5.15.1)
  - FBSDKLoginKit/Login (5.15.1):
    - FBSDKCoreKit (~> 5.0)
  - PeekPop (1.0.0)
  - SDStateTableView (0.0.7)
  - SDWebImage (4.4.8):
    - SDWebImage/Core (= 4.4.8)
  - SDWebImage/Core (4.4.8)
  - Spring (1.0.6)
  - SwiftRater (1.8.0)
  - SwiftyJSON (4.3.0)
  - "UITextView+Placeholder (1.4.0)"

DEPENDENCIES:
  - ActionSheetPicker-3.0 (~> 2.3.0)
  - Alamofire
  - AMPopTip
  - Bolts
  - Carte
  - CropViewController
  - Disk (~> 0.4.0)
  - FacebookCore
  - FBSDKLoginKit
  - PeekPop (~> 1.0)
  - SDStateTableView
  - SDWebImage (~> 4.0)
  - Spring (from `https://github.com/MengTo/Spring.git`)
  - SwiftRater
  - SwiftyJSON (~> 4.0)
  - "UITextView+Placeholder"

SPEC REPOS:
  trunk:
    - ActionSheetPicker-3.0
    - Alamofire
    - AMPopTip
    - Bolts
    - Carte
    - CropViewController
    - Disk
    - FacebookCore
    - FBSDKCoreKit
    - FBSDKLoginKit
    - PeekPop
    - SDStateTableView
    - SDWebImage
    - SwiftRater
    - SwiftyJSON
    - "UITextView+Placeholder"

EXTERNAL SOURCES:
  Spring:
    :git: https://github.com/MengTo/Spring.git

CHECKOUT OPTIONS:
  Spring:
    :commit: 50d92a5b9e08848387ae95bf44c6ad20834f7083
    :git: https://github.com/MengTo/Spring.git

SPEC CHECKSUMS:
  ActionSheetPicker-3.0: 2f5e3fde6b3205a7318f9338e4ec0f373ce7e75c
  Alamofire: e447a2774a40c996748296fa2c55112fdbbc42f9
  AMPopTip: 77eef4793d50709bef83825b72da4f501263b91d
  Bolts: 8c1e8aab2f603387b8b9924f57d1d64f43d3ffdc
  Carte: 6bcff4eaa894ff5b979d646de833fec96e04a38c
  CropViewController: 7093b39ec3cb508531b22d35773e06cecd7378d8
  Disk: ef2956657d5bb56034b38b29b352170165226440
  FacebookCore: ba86524b66cfa86d0f8e65d08faa8504a9f732dd
  FBSDKCoreKit: 1d5acf7c9d7a2f92bb1a242dc60cae5b7adb91df
  FBSDKLoginKit: f1ea8026a58b52d30c9f2e6a58ca7d813619fb83
  PeekPop: dcac0f339476b99eb50f8e3bc584f332c744ecf1
  SDStateTableView: 9c69677cc23e56428116dce3f4d7650cb2f6947e
  SDWebImage: 783af2c3fa36291a250030c4752ee370a9a51d13
  Spring: 3d113f14575ef79aec9c5f906dfa4f5001c03254
  SwiftRater: 6094fa6e9b3866ff8beca0a871b4b5f9ab896a6d
  SwiftyJSON: 6faa0040f8b59dead0ee07436cbf76b73c08fd08
  "UITextView+Placeholder": d7b0c400921f66523f3a85d74f774512e14f6502

PODFILE CHECKSUM: f75c10be5adae2d4ee418c69509bc1a00440b6cf

COCOAPODS: 1.10.1
