PODS:
  - ActionSheetPicker-3.0 (2.3.0)
  - Alamofire (4.9.0)
  - AMPopTip (4.1.0)
  - Bolts (1.9.0):
    - Bolts/AppLinks (= 1.9.0)
    - Bolts/Tasks (= 1.9.0)
  - Bolts/AppLinks (1.9.0):
    - Bolts/Tasks
  - Bolts/Tasks (1.9.0)
  - Carte (2.2.1)
  - CropViewController (2.5.2)
  - Disk (0.4.0)
  - FacebookCore (0.9.0):
    - FBSDKCoreKit (~> 5.0)
  - FBSDKCoreKit (5.8.0):
    - FBSDKCoreKit/Basics (= 5.8.0)
    - FBSDKCoreKit/Core (= 5.8.0)
  - FBSDKCoreKit/Basics (5.8.0)
  - FBSDKCoreKit/Core (5.8.0):
    - FBSDKCoreKit/Basics
  - FBSDKLoginKit (5.8.0):
    - FBSDKLoginKit/Login (= 5.8.0)
  - FBSDKLoginKit/Login (5.8.0):
    - FBSDKCoreKit (~> 5.0)
  - PeekPop (1.0.0)
  - SDStateTableView (0.0.3)
  - SDWebImage (4.4.7):
    - SDWebImage/Core (= 4.4.7)
  - SDWebImage/Core (4.4.7)
  - Spring (1.0.6)
  - SwiftRater (1.6.0)
  - SwiftyJSON (4.3.0)
  - "UITextView+Placeholder (1.3.3)"

DEPENDENCIES:
  - ActionSheetPicker-3.0 (~> 2.3.0)
  - Alamofire
  - AMPopTip
  - Bolts
  - Carte
  - CropViewController
  - Disk (~> 0.4.0)
  - FacebookCore
  - FBSDKLoginKit
  - PeekPop (~> 1.0)
  - SDStateTableView
  - SDWebImage (~> 4.0)
  - Spring (from `https://github.com/MengTo/Spring.git`)
  - SwiftRater
  - SwiftyJSON (~> 4.0)
  - "UITextView+Placeholder"

SPEC REPOS:
  https://github.com/cocoapods/specs.git:
    - ActionSheetPicker-3.0
    - Alamofire
    - AMPopTip
    - Bolts
    - Carte
    - CropViewController
    - Disk
    - FacebookCore
    - FBSDKCoreKit
    - FBSDKLoginKit
    - PeekPop
    - SDStateTableView
    - SDWebImage
    - SwiftRater
    - SwiftyJSON
    - "UITextView+Placeholder"

EXTERNAL SOURCES:
  Spring:
    :git: https://github.com/MengTo/Spring.git

CHECKOUT OPTIONS:
  Spring:
    :commit: 50d92a5b9e08848387ae95bf44c6ad20834f7083
    :git: https://github.com/MengTo/Spring.git

SPEC CHECKSUMS:
  ActionSheetPicker-3.0: eef157d75e151f255c5333d26656c7fbfe905a51
  Alamofire: afc3e7c6db61476cb45cdd23fed06bad03bbc321
  AMPopTip: fc50f5cea7743d1a03076dbd6a1a270f2e6b6d55
  Bolts: ac6567323eac61e203f6a9763667d0f711be34c8
  Carte: 6bcff4eaa894ff5b979d646de833fec96e04a38c
  CropViewController: 1aac40093c5739e60d992b04724a55d12a689a4c
  Disk: ef2956657d5bb56034b38b29b352170165226440
  FacebookCore: ba86524b66cfa86d0f8e65d08faa8504a9f732dd
  FBSDKCoreKit: e7dcac0aabcfb09d0166998edd95fe3b05a0ce5d
  FBSDKLoginKit: 1b0cf04df0370b37404213157b060d6666ede814
  PeekPop: dcac0f339476b99eb50f8e3bc584f332c744ecf1
  SDStateTableView: cb4dd2a3b6d31850a70e91c19dc79ab127a8e7c6
  SDWebImage: c10d14a8883ebd89664f02a422006f66a85c0c5d
  Spring: 3d113f14575ef79aec9c5f906dfa4f5001c03254
  SwiftRater: 462ecaa145b0286f130a56b9571d2a2621a10eff
  SwiftyJSON: 6faa0040f8b59dead0ee07436cbf76b73c08fd08
  "UITextView+Placeholder": c407b27599ea23cca425946fee3cf1db5d547008

PODFILE CHECKSUM: f75c10be5adae2d4ee418c69509bc1a00440b6cf

COCOAPODS: 1.5.3
