PODS:
  - Alamofire (4.8.1)
  - PeekPop (1.0.0)
  - SDWebImage (4.4.5):
    - SDWebImage/Core (= 4.4.5)
  - SDWebImage/Core (4.4.5)
  - Spring (1.0.6)
  - SwiftyJSON (4.2.0)
  - "UITextView+Placeholder (1.2.1)"

DEPENDENCIES:
  - Alamofire
  - PeekPop (~> 1.0)
  - SDWebImage (~> 4.0)
  - Spring (from `https://github.com/MengTo/Spring.git`)
  - SwiftyJSON (~> 4.0)
  - "UITextView+Placeholder"

SPEC REPOS:
  https://github.com/cocoapods/specs.git:
    - Alamofire
    - PeekPop
    - SDWebImage
    - SwiftyJSON
    - "UITextView+Placeholder"

EXTERNAL SOURCES:
  Spring:
    :git: https://github.com/MengTo/Spring.git

CHECKOUT OPTIONS:
  Spring:
    :commit: fafd0b2e8d4d46405bd86fa7ba84bb7f73a20b13
    :git: https://github.com/MengTo/Spring.git

SPEC CHECKSUMS:
  Alamofire: 16ce2c353fb72865124ddae8a57c5942388f4f11
  PeekPop: dcac0f339476b99eb50f8e3bc584f332c744ecf1
  SDWebImage: ecc03494e973b93b80213649d32175f8d2d17d4d
  Spring: 3d113f14575ef79aec9c5f906dfa4f5001c03254
  SwiftyJSON: c4bcba26dd9ec7a027fc8eade48e2c911f229e96
  "UITextView+Placeholder": 0c3efd97f37ea64bde7f34cc6e90fe02e87b3909

PODFILE CHECKSUM: 972a9725eb85fa102f1fd705ca8469b2becdd159

COCOAPODS: 1.5.3
