// !$*UTF8*$!
{
	archiveVersion = 1;
	classes = {
	};
	objectVersion = 50;
	objects = {

/* Begin PBXBuildFile section */
		7810740F218F0D6D0039A92A /* DetailNavigationBar.swift in Sources */ = {isa = PBXBuildFile; fileRef = 7810740E218F0D6D0039A92A /* DetailNavigationBar.swift */; };
		7810F411224E5B9B00C8EB94 /* SettingVC.swift in Sources */ = {isa = PBXBuildFile; fileRef = 7810F410224E5B9B00C8EB94 /* SettingVC.swift */; };
		7810F413224F67D800C8EB94 /* NoticeVC.swift in Sources */ = {isa = PBXBuildFile; fileRef = 7810F412224F67D800C8EB94 /* NoticeVC.swift */; };
		7810F415224FA7E800C8EB94 /* Setting.swift in Sources */ = {isa = PBXBuildFile; fileRef = 7810F414224FA7E800C8EB94 /* Setting.swift */; };
		781D8DBF21855281006D9551 /* MainTableCell.swift in Sources */ = {isa = PBXBuildFile; fileRef = 781D8DBE21855281006D9551 /* MainTableCell.swift */; };
		781D8DC121855376006D9551 /* MainCollectionCell.swift in Sources */ = {isa = PBXBuildFile; fileRef = 781D8DC021855376006D9551 /* MainCollectionCell.swift */; };
		78226460222BC8C800C21546 /* FriendsVC.swift in Sources */ = {isa = PBXBuildFile; fileRef = 7822645F222BC8C800C21546 /* FriendsVC.swift */; };
		783341F2218ECD510032678C /* BookDetailVC.swift in Sources */ = {isa = PBXBuildFile; fileRef = 783341F1218ECD510032678C /* BookDetailVC.swift */; };
		783341F4218ECE140032678C /* DetailHeaderView.swift in Sources */ = {isa = PBXBuildFile; fileRef = 783341F3218ECE140032678C /* DetailHeaderView.swift */; };
		783D31DA218B35D8004B5DBC /* UINavigationBar.swift in Sources */ = {isa = PBXBuildFile; fileRef = 783D31D9218B35D8004B5DBC /* UINavigationBar.swift */; };
		783FFBED219D8606002B6977 /* WriteVC.swift in Sources */ = {isa = PBXBuildFile; fileRef = 783FFBEC219D8606002B6977 /* WriteVC.swift */; };
		784B1A6422294F8E009F779C /* Date.swift in Sources */ = {isa = PBXBuildFile; fileRef = 784B1A6322294F8E009F779C /* Date.swift */; };
		784E4FEB2221EA2300B617AA /* API.swift in Sources */ = {isa = PBXBuildFile; fileRef = 784E4FEA2221EA2300B617AA /* API.swift */; };
		785FFF58222620D00040E1F4 /* ViewController.swift in Sources */ = {isa = PBXBuildFile; fileRef = 785FFF57222620D00040E1F4 /* ViewController.swift */; };
		785FFF5A222626880040E1F4 /* UserAPI.swift in Sources */ = {isa = PBXBuildFile; fileRef = 785FFF59222626880040E1F4 /* UserAPI.swift */; };
		78643713223A7C83009F2E6D /* Info.swift in Sources */ = {isa = PBXBuildFile; fileRef = 78643712223A7C83009F2E6D /* Info.swift */; };
		78643715223C7887009F2E6D /* FriendTableCell.swift in Sources */ = {isa = PBXBuildFile; fileRef = 78643714223C7887009F2E6D /* FriendTableCell.swift */; };
		786BA3D72223BF2900280503 /* Book.swift in Sources */ = {isa = PBXBuildFile; fileRef = 786BA3D62223BF2900280503 /* Book.swift */; };
		786BA3D92223BF9E00280503 /* Content.swift in Sources */ = {isa = PBXBuildFile; fileRef = 786BA3D82223BF9E00280503 /* Content.swift */; };
		786BA3DB2223BFA400280503 /* User.swift in Sources */ = {isa = PBXBuildFile; fileRef = 786BA3DA2223BFA400280503 /* User.swift */; };
		786BA3DD2223BFFB00280503 /* Bookshelf.swift in Sources */ = {isa = PBXBuildFile; fileRef = 786BA3DC2223BFFB00280503 /* Bookshelf.swift */; };
		786BA3DF2223C56E00280503 /* WelcomeVC.swift in Sources */ = {isa = PBXBuildFile; fileRef = 786BA3DE2223C56E00280503 /* WelcomeVC.swift */; };
		786BA3E12223D33300280503 /* AuthAPI.swift in Sources */ = {isa = PBXBuildFile; fileRef = 786BA3E02223D33300280503 /* AuthAPI.swift */; };
		786BA3E32223D42300280503 /* Token.swift in Sources */ = {isa = PBXBuildFile; fileRef = 786BA3E22223D42300280503 /* Token.swift */; };
		786BA3E6222532F200280503 /* search.svg in Resources */ = {isa = PBXBuildFile; fileRef = 786BA3E5222532F200280503 /* search.svg */; };
		786BA3E8222532F600280503 /* add.svg in Resources */ = {isa = PBXBuildFile; fileRef = 786BA3E7222532F600280503 /* add.svg */; };
		786BA3EA222532FC00280503 /* setting.svg in Resources */ = {isa = PBXBuildFile; fileRef = 786BA3E9222532FC00280503 /* setting.svg */; };
		786BA3EC2225367A00280503 /* swiftSVG.swift in Sources */ = {isa = PBXBuildFile; fileRef = 786BA3EB2225367A00280503 /* swiftSVG.swift */; };
		786ED2DE2233DFFE0045E9F1 /* BookImageView.swift in Sources */ = {isa = PBXBuildFile; fileRef = 786ED2DD2233DFFE0045E9F1 /* BookImageView.swift */; };
		786ED2E02233E07B0045E9F1 /* image.swift in Sources */ = {isa = PBXBuildFile; fileRef = 786ED2DF2233E07B0045E9F1 /* image.swift */; };
		786ED2E22233ECC00045E9F1 /* BarcodeScannerVC.swift in Sources */ = {isa = PBXBuildFile; fileRef = 786ED2E12233ECC00045E9F1 /* BarcodeScannerVC.swift */; };
		787515C322350CCB0054127B /* Friend.swift in Sources */ = {isa = PBXBuildFile; fileRef = 787515C222350CCB0054127B /* Friend.swift */; };
		787515C722351D0E0054127B /* FriendCell.swift in Sources */ = {isa = PBXBuildFile; fileRef = 787515C622351D0E0054127B /* FriendCell.swift */; };
		787DDFD5219326A300332121 /* DetailCell.swift in Sources */ = {isa = PBXBuildFile; fileRef = 787DDFD3219326A300332121 /* DetailCell.swift */; };
		787DDFD6219326A300332121 /* DetailCell.xib in Resources */ = {isa = PBXBuildFile; fileRef = 787DDFD4219326A300332121 /* DetailCell.xib */; };
		787ED772223112BD0097E79E /* BookCell.xib in Resources */ = {isa = PBXBuildFile; fileRef = 787ED771223112BD0097E79E /* BookCell.xib */; };
		787ED774223114C20097E79E /* BookCell.swift in Sources */ = {isa = PBXBuildFile; fileRef = 787ED773223114C20097E79E /* BookCell.swift */; };
		787ED77622312A900097E79E /* PreviewVC.swift in Sources */ = {isa = PBXBuildFile; fileRef = 787ED77522312A900097E79E /* PreviewVC.swift */; };
		787ED7782231309C0097E79E /* Preview.xib in Resources */ = {isa = PBXBuildFile; fileRef = 787ED7772231309C0097E79E /* Preview.xib */; };
		788D76EC22329073007CA9B3 /* BookCreateVC.swift in Sources */ = {isa = PBXBuildFile; fileRef = 788D76EB22329073007CA9B3 /* BookCreateVC.swift */; };
		78A239F72195C6EB00F2A835 /* Colors.swift in Sources */ = {isa = PBXBuildFile; fileRef = 78A239F62195C6EB00F2A835 /* Colors.swift */; };
		78A517AC2225415000CB3035 /* BookShelfVC.swift in Sources */ = {isa = PBXBuildFile; fileRef = 78A517AB2225415000CB3035 /* BookShelfVC.swift */; };
		78BBE4392221DFB900D6ACDD /* Welcome.storyboard in Resources */ = {isa = PBXBuildFile; fileRef = 78BBE4382221DFB900D6ACDD /* Welcome.storyboard */; };
		78BBE4452221E1C600D6ACDD /* NotoSansCJKkr-Bold.otf in Resources */ = {isa = PBXBuildFile; fileRef = 78BBE43B2221E1B300D6ACDD /* NotoSansCJKkr-Bold.otf */; };
		78BBE4472221E1C600D6ACDD /* NotoSansCJKkr-Light.otf in Resources */ = {isa = PBXBuildFile; fileRef = 78BBE4422221E1B900D6ACDD /* NotoSansCJKkr-Light.otf */; };
		78BBE4482221E1C600D6ACDD /* NotoSansCJKkr-Medium.otf in Resources */ = {isa = PBXBuildFile; fileRef = 78BBE4402221E1B700D6ACDD /* NotoSansCJKkr-Medium.otf */; };
		78BBE4492221E1C600D6ACDD /* NotoSansCJKkr-Regular.otf in Resources */ = {isa = PBXBuildFile; fileRef = 78BBE43D2221E1B400D6ACDD /* NotoSansCJKkr-Regular.otf */; };
		78BBE4502221E59A00D6ACDD /* facebook.svg in Resources */ = {isa = PBXBuildFile; fileRef = 78BBE44F2221E59A00D6ACDD /* facebook.svg */; };
		78C33983219AE6AE0074B389 /* NavigationBar.swift in Sources */ = {isa = PBXBuildFile; fileRef = 78C33982219AE6AE0074B389 /* NavigationBar.swift */; };
		78C897E3223FCBAB00DC2BE4 /* Datas.swift in Sources */ = {isa = PBXBuildFile; fileRef = 78C897E2223FCBAB00DC2BE4 /* Datas.swift */; };
		78C897E5223FD69F00DC2BE4 /* FacebookAPI.swift in Sources */ = {isa = PBXBuildFile; fileRef = 78C897E4223FD69F00DC2BE4 /* FacebookAPI.swift */; };
		78C897E7223FE74300DC2BE4 /* Complete_data.swift in Sources */ = {isa = PBXBuildFile; fileRef = 78C897E6223FE74300DC2BE4 /* Complete_data.swift */; };
		78DA251C218137D600DAEDE4 /* AppDelegate.swift in Sources */ = {isa = PBXBuildFile; fileRef = 78DA251B218137D600DAEDE4 /* AppDelegate.swift */; };
		78DA2521218137D600DAEDE4 /* Main.storyboard in Resources */ = {isa = PBXBuildFile; fileRef = 78DA251F218137D600DAEDE4 /* Main.storyboard */; };
		78DA2523218137D800DAEDE4 /* Assets.xcassets in Resources */ = {isa = PBXBuildFile; fileRef = 78DA2522218137D800DAEDE4 /* Assets.xcassets */; };
		78DA2526218137D800DAEDE4 /* LaunchScreen.storyboard in Resources */ = {isa = PBXBuildFile; fileRef = 78DA2524218137D800DAEDE4 /* LaunchScreen.storyboard */; };
		78E37E3C222D549D00D2CC05 /* BookShelfSelectingVC.swift in Sources */ = {isa = PBXBuildFile; fileRef = 78E37E3B222D549D00D2CC05 /* BookShelfSelectingVC.swift */; };
		78E37E3E222E852100D2CC05 /* BookAddSearchVC.swift in Sources */ = {isa = PBXBuildFile; fileRef = 78E37E3D222E852100D2CC05 /* BookAddSearchVC.swift */; };
		78F071A0218348410034E417 /* MainVC.swift in Sources */ = {isa = PBXBuildFile; fileRef = 78F0719F218348410034E417 /* MainVC.swift */; };
		DAF7B565B8891D24097EED22 /* Pods_biary.framework in Frameworks */ = {isa = PBXBuildFile; fileRef = 693EE712C11E1EC02693D9DD /* Pods_biary.framework */; };
/* End PBXBuildFile section */

/* Begin PBXFileReference section */
		14B6D4FCFB618B8DDC4E35A6 /* Pods-biary.debug.xcconfig */ = {isa = PBXFileReference; includeInIndex = 1; lastKnownFileType = text.xcconfig; name = "Pods-biary.debug.xcconfig"; path = "Pods/Target Support Files/Pods-biary/Pods-biary.debug.xcconfig"; sourceTree = "<group>"; };
		693EE712C11E1EC02693D9DD /* Pods_biary.framework */ = {isa = PBXFileReference; explicitFileType = wrapper.framework; includeInIndex = 0; path = Pods_biary.framework; sourceTree = BUILT_PRODUCTS_DIR; };
		7810740E218F0D6D0039A92A /* DetailNavigationBar.swift */ = {isa = PBXFileReference; lastKnownFileType = sourcecode.swift; path = DetailNavigationBar.swift; sourceTree = "<group>"; };
		7810F410224E5B9B00C8EB94 /* SettingVC.swift */ = {isa = PBXFileReference; lastKnownFileType = sourcecode.swift; path = SettingVC.swift; sourceTree = "<group>"; };
		7810F412224F67D800C8EB94 /* NoticeVC.swift */ = {isa = PBXFileReference; lastKnownFileType = sourcecode.swift; path = NoticeVC.swift; sourceTree = "<group>"; };
		7810F414224FA7E800C8EB94 /* Setting.swift */ = {isa = PBXFileReference; lastKnownFileType = sourcecode.swift; path = Setting.swift; sourceTree = "<group>"; };
		781D8DBE21855281006D9551 /* MainTableCell.swift */ = {isa = PBXFileReference; lastKnownFileType = sourcecode.swift; path = MainTableCell.swift; sourceTree = "<group>"; };
		781D8DC021855376006D9551 /* MainCollectionCell.swift */ = {isa = PBXFileReference; lastKnownFileType = sourcecode.swift; path = MainCollectionCell.swift; sourceTree = "<group>"; };
		7822645F222BC8C800C21546 /* FriendsVC.swift */ = {isa = PBXFileReference; lastKnownFileType = sourcecode.swift; name = FriendsVC.swift; path = biary/ViewControllers/FriendsVC.swift; sourceTree = SOURCE_ROOT; };
		783341F1218ECD510032678C /* BookDetailVC.swift */ = {isa = PBXFileReference; lastKnownFileType = sourcecode.swift; name = BookDetailVC.swift; path = biary/ViewControllers/BookDetailVC.swift; sourceTree = SOURCE_ROOT; };
		783341F3218ECE140032678C /* DetailHeaderView.swift */ = {isa = PBXFileReference; lastKnownFileType = sourcecode.swift; path = DetailHeaderView.swift; sourceTree = "<group>"; };
		783D31D9218B35D8004B5DBC /* UINavigationBar.swift */ = {isa = PBXFileReference; lastKnownFileType = sourcecode.swift; path = UINavigationBar.swift; sourceTree = "<group>"; };
		783FFBEC219D8606002B6977 /* WriteVC.swift */ = {isa = PBXFileReference; lastKnownFileType = sourcecode.swift; path = WriteVC.swift; sourceTree = SOURCE_ROOT; };
		784B1A6322294F8E009F779C /* Date.swift */ = {isa = PBXFileReference; lastKnownFileType = sourcecode.swift; path = Date.swift; sourceTree = "<group>"; };
		784E4FEA2221EA2300B617AA /* API.swift */ = {isa = PBXFileReference; lastKnownFileType = sourcecode.swift; path = API.swift; sourceTree = "<group>"; };
		785FFF57222620D00040E1F4 /* ViewController.swift */ = {isa = PBXFileReference; lastKnownFileType = sourcecode.swift; path = ViewController.swift; sourceTree = "<group>"; };
		785FFF59222626880040E1F4 /* UserAPI.swift */ = {isa = PBXFileReference; lastKnownFileType = sourcecode.swift; path = UserAPI.swift; sourceTree = "<group>"; };
		78643712223A7C83009F2E6D /* Info.swift */ = {isa = PBXFileReference; lastKnownFileType = sourcecode.swift; path = Info.swift; sourceTree = "<group>"; };
		78643714223C7887009F2E6D /* FriendTableCell.swift */ = {isa = PBXFileReference; lastKnownFileType = sourcecode.swift; path = FriendTableCell.swift; sourceTree = "<group>"; };
		786BA3D62223BF2900280503 /* Book.swift */ = {isa = PBXFileReference; lastKnownFileType = sourcecode.swift; path = Book.swift; sourceTree = "<group>"; };
		786BA3D82223BF9E00280503 /* Content.swift */ = {isa = PBXFileReference; lastKnownFileType = sourcecode.swift; path = Content.swift; sourceTree = "<group>"; };
		786BA3DA2223BFA400280503 /* User.swift */ = {isa = PBXFileReference; lastKnownFileType = sourcecode.swift; path = User.swift; sourceTree = "<group>"; };
		786BA3DC2223BFFB00280503 /* Bookshelf.swift */ = {isa = PBXFileReference; lastKnownFileType = sourcecode.swift; path = Bookshelf.swift; sourceTree = "<group>"; };
		786BA3DE2223C56E00280503 /* WelcomeVC.swift */ = {isa = PBXFileReference; lastKnownFileType = sourcecode.swift; path = WelcomeVC.swift; sourceTree = "<group>"; };
		786BA3E02223D33300280503 /* AuthAPI.swift */ = {isa = PBXFileReference; lastKnownFileType = sourcecode.swift; name = AuthAPI.swift; path = biary/Models/Network/AuthAPI.swift; sourceTree = SOURCE_ROOT; };
		786BA3E22223D42300280503 /* Token.swift */ = {isa = PBXFileReference; lastKnownFileType = sourcecode.swift; path = Token.swift; sourceTree = "<group>"; };
		786BA3E5222532F200280503 /* search.svg */ = {isa = PBXFileReference; fileEncoding = 4; lastKnownFileType = text; path = search.svg; sourceTree = "<group>"; };
		786BA3E7222532F600280503 /* add.svg */ = {isa = PBXFileReference; fileEncoding = 4; lastKnownFileType = text; path = add.svg; sourceTree = "<group>"; };
		786BA3E9222532FC00280503 /* setting.svg */ = {isa = PBXFileReference; fileEncoding = 4; lastKnownFileType = text; path = setting.svg; sourceTree = "<group>"; };
		786BA3EB2225367A00280503 /* swiftSVG.swift */ = {isa = PBXFileReference; lastKnownFileType = sourcecode.swift; path = swiftSVG.swift; sourceTree = "<group>"; };
		786ED2DD2233DFFE0045E9F1 /* BookImageView.swift */ = {isa = PBXFileReference; lastKnownFileType = sourcecode.swift; path = BookImageView.swift; sourceTree = "<group>"; };
		786ED2DF2233E07B0045E9F1 /* image.swift */ = {isa = PBXFileReference; lastKnownFileType = sourcecode.swift; path = image.swift; sourceTree = "<group>"; };
		786ED2E12233ECC00045E9F1 /* BarcodeScannerVC.swift */ = {isa = PBXFileReference; lastKnownFileType = sourcecode.swift; path = BarcodeScannerVC.swift; sourceTree = "<group>"; };
		787515C222350CCB0054127B /* Friend.swift */ = {isa = PBXFileReference; lastKnownFileType = sourcecode.swift; path = Friend.swift; sourceTree = "<group>"; };
		787515C622351D0E0054127B /* FriendCell.swift */ = {isa = PBXFileReference; lastKnownFileType = sourcecode.swift; path = FriendCell.swift; sourceTree = "<group>"; };
		787DDFD3219326A300332121 /* DetailCell.swift */ = {isa = PBXFileReference; lastKnownFileType = sourcecode.swift; path = DetailCell.swift; sourceTree = "<group>"; };
		787DDFD4219326A300332121 /* DetailCell.xib */ = {isa = PBXFileReference; lastKnownFileType = file.xib; path = DetailCell.xib; sourceTree = "<group>"; };
		787ED771223112BD0097E79E /* BookCell.xib */ = {isa = PBXFileReference; lastKnownFileType = file.xib; path = BookCell.xib; sourceTree = "<group>"; };
		787ED773223114C20097E79E /* BookCell.swift */ = {isa = PBXFileReference; lastKnownFileType = sourcecode.swift; path = BookCell.swift; sourceTree = "<group>"; };
		787ED77522312A900097E79E /* PreviewVC.swift */ = {isa = PBXFileReference; lastKnownFileType = sourcecode.swift; name = PreviewVC.swift; path = biary/Views/PreviewVC.swift; sourceTree = "<group>"; };
		787ED7772231309C0097E79E /* Preview.xib */ = {isa = PBXFileReference; lastKnownFileType = file.xib; path = Preview.xib; sourceTree = "<group>"; };
		788D76EB22329073007CA9B3 /* BookCreateVC.swift */ = {isa = PBXFileReference; lastKnownFileType = sourcecode.swift; path = BookCreateVC.swift; sourceTree = "<group>"; };
		78A239F62195C6EB00F2A835 /* Colors.swift */ = {isa = PBXFileReference; lastKnownFileType = sourcecode.swift; path = Colors.swift; sourceTree = "<group>"; };
		78A517AB2225415000CB3035 /* BookShelfVC.swift */ = {isa = PBXFileReference; lastKnownFileType = sourcecode.swift; path = BookShelfVC.swift; sourceTree = "<group>"; };
		78BBE4382221DFB900D6ACDD /* Welcome.storyboard */ = {isa = PBXFileReference; lastKnownFileType = file.storyboard; path = Welcome.storyboard; sourceTree = "<group>"; };
		78BBE43B2221E1B300D6ACDD /* NotoSansCJKkr-Bold.otf */ = {isa = PBXFileReference; lastKnownFileType = file; path = "NotoSansCJKkr-Bold.otf"; sourceTree = "<group>"; };
		78BBE43D2221E1B400D6ACDD /* NotoSansCJKkr-Regular.otf */ = {isa = PBXFileReference; lastKnownFileType = file; path = "NotoSansCJKkr-Regular.otf"; sourceTree = "<group>"; };
		78BBE4402221E1B700D6ACDD /* NotoSansCJKkr-Medium.otf */ = {isa = PBXFileReference; lastKnownFileType = file; path = "NotoSansCJKkr-Medium.otf"; sourceTree = "<group>"; };
		78BBE4422221E1B900D6ACDD /* NotoSansCJKkr-Light.otf */ = {isa = PBXFileReference; lastKnownFileType = file; path = "NotoSansCJKkr-Light.otf"; sourceTree = "<group>"; };
		78BBE44F2221E59A00D6ACDD /* facebook.svg */ = {isa = PBXFileReference; fileEncoding = 4; lastKnownFileType = text; path = facebook.svg; sourceTree = "<group>"; };
		78C33982219AE6AE0074B389 /* NavigationBar.swift */ = {isa = PBXFileReference; lastKnownFileType = sourcecode.swift; path = NavigationBar.swift; sourceTree = "<group>"; };
		78C897E2223FCBAB00DC2BE4 /* Datas.swift */ = {isa = PBXFileReference; lastKnownFileType = sourcecode.swift; path = Datas.swift; sourceTree = "<group>"; };
		78C897E4223FD69F00DC2BE4 /* FacebookAPI.swift */ = {isa = PBXFileReference; lastKnownFileType = sourcecode.swift; path = FacebookAPI.swift; sourceTree = "<group>"; };
		78C897E6223FE74300DC2BE4 /* Complete_data.swift */ = {isa = PBXFileReference; lastKnownFileType = sourcecode.swift; path = Complete_data.swift; sourceTree = "<group>"; };
		78DA2518218137D600DAEDE4 /* biary.app */ = {isa = PBXFileReference; explicitFileType = wrapper.application; includeInIndex = 0; path = biary.app; sourceTree = BUILT_PRODUCTS_DIR; };
		78DA251B218137D600DAEDE4 /* AppDelegate.swift */ = {isa = PBXFileReference; lastKnownFileType = sourcecode.swift; path = AppDelegate.swift; sourceTree = "<group>"; };
		78DA2520218137D600DAEDE4 /* Base */ = {isa = PBXFileReference; lastKnownFileType = file.storyboard; name = Base; path = Base.lproj/Main.storyboard; sourceTree = "<group>"; };
		78DA2522218137D800DAEDE4 /* Assets.xcassets */ = {isa = PBXFileReference; lastKnownFileType = folder.assetcatalog; path = Assets.xcassets; sourceTree = "<group>"; };
		78DA2525218137D800DAEDE4 /* Base */ = {isa = PBXFileReference; lastKnownFileType = file.storyboard; name = Base; path = Base.lproj/LaunchScreen.storyboard; sourceTree = "<group>"; };
		78DA2527218137D800DAEDE4 /* Info.plist */ = {isa = PBXFileReference; lastKnownFileType = text.plist.xml; path = Info.plist; sourceTree = "<group>"; };
		78E37E3B222D549D00D2CC05 /* BookShelfSelectingVC.swift */ = {isa = PBXFileReference; lastKnownFileType = sourcecode.swift; path = BookShelfSelectingVC.swift; sourceTree = SOURCE_ROOT; };
		78E37E3D222E852100D2CC05 /* BookAddSearchVC.swift */ = {isa = PBXFileReference; lastKnownFileType = sourcecode.swift; path = BookAddSearchVC.swift; sourceTree = "<group>"; };
		78F0719F218348410034E417 /* MainVC.swift */ = {isa = PBXFileReference; lastKnownFileType = sourcecode.swift; path = MainVC.swift; sourceTree = "<group>"; };
		9A920514E662420FB7067EF1 /* Pods-biary.release.xcconfig */ = {isa = PBXFileReference; includeInIndex = 1; lastKnownFileType = text.xcconfig; name = "Pods-biary.release.xcconfig"; path = "Pods/Target Support Files/Pods-biary/Pods-biary.release.xcconfig"; sourceTree = "<group>"; };
/* End PBXFileReference section */

/* Begin PBXFrameworksBuildPhase section */
		78DA2515218137D600DAEDE4 /* Frameworks */ = {
			isa = PBXFrameworksBuildPhase;
			buildActionMask = 2147483647;
			files = (
				DAF7B565B8891D24097EED22 /* Pods_biary.framework in Frameworks */,
			);
			runOnlyForDeploymentPostprocessing = 0;
		};
/* End PBXFrameworksBuildPhase section */

/* Begin PBXGroup section */
		786BA3E4222532DA00280503 /* Resources */ = {
			isa = PBXGroup;
			children = (
				78BBE44F2221E59A00D6ACDD /* facebook.svg */,
				786BA3E9222532FC00280503 /* setting.svg */,
				786BA3E7222532F600280503 /* add.svg */,
				786BA3E5222532F200280503 /* search.svg */,
				78BBE43A2221E1A500D6ACDD /* Fonts */,
			);
			path = Resources;
			sourceTree = "<group>";
		};
		78BBE43A2221E1A500D6ACDD /* Fonts */ = {
			isa = PBXGroup;
			children = (
				78BBE43B2221E1B300D6ACDD /* NotoSansCJKkr-Bold.otf */,
				78BBE4422221E1B900D6ACDD /* NotoSansCJKkr-Light.otf */,
				78BBE4402221E1B700D6ACDD /* NotoSansCJKkr-Medium.otf */,
				78BBE43D2221E1B400D6ACDD /* NotoSansCJKkr-Regular.otf */,
			);
			path = Fonts;
			sourceTree = "<group>";
		};
		78DA250F218137D600DAEDE4 = {
			isa = PBXGroup;
			children = (
				78DA251A218137D600DAEDE4 /* biary */,
				78DA2519218137D600DAEDE4 /* Products */,
				D992F4810521594AC907246C /* Pods */,
				EBB247BE4A4C308252D590F0 /* Frameworks */,
			);
			sourceTree = "<group>";
		};
		78DA2519218137D600DAEDE4 /* Products */ = {
			isa = PBXGroup;
			children = (
				78DA2518218137D600DAEDE4 /* biary.app */,
			);
			name = Products;
			sourceTree = "<group>";
		};
		78DA251A218137D600DAEDE4 /* biary */ = {
			isa = PBXGroup;
			children = (
				786BA3E4222532DA00280503 /* Resources */,
				78F0719A218346BE0034E417 /* Views */,
				78F0719B218346CF0034E417 /* ViewControllers */,
				78F0719C218346DB0034E417 /* Models */,
				78F0719D218346DF0034E417 /* Extensions */,
				78DA251B218137D600DAEDE4 /* AppDelegate.swift */,
				78DA2522218137D800DAEDE4 /* Assets.xcassets */,
				78DA2524218137D800DAEDE4 /* LaunchScreen.storyboard */,
				78DA2527218137D800DAEDE4 /* Info.plist */,
			);
			path = biary;
			sourceTree = "<group>";
		};
		78E37E3F222E853500D2CC05 /* Adding */ = {
			isa = PBXGroup;
			children = (
				788D76EB22329073007CA9B3 /* BookCreateVC.swift */,
				78E37E3D222E852100D2CC05 /* BookAddSearchVC.swift */,
				78E37E3B222D549D00D2CC05 /* BookShelfSelectingVC.swift */,
				783FFBEC219D8606002B6977 /* WriteVC.swift */,
				787ED77522312A900097E79E /* PreviewVC.swift */,
			);
			name = Adding;
			path = ../..;
			sourceTree = "<group>";
		};
		78F0719A218346BE0034E417 /* Views */ = {
			isa = PBXGroup;
			children = (
				78BBE4382221DFB900D6ACDD /* Welcome.storyboard */,
				78DA251F218137D600DAEDE4 /* Main.storyboard */,
				78643714223C7887009F2E6D /* FriendTableCell.swift */,
				787515C622351D0E0054127B /* FriendCell.swift */,
				781D8DBE21855281006D9551 /* MainTableCell.swift */,
				781D8DC021855376006D9551 /* MainCollectionCell.swift */,
				783341F3218ECE140032678C /* DetailHeaderView.swift */,
				7810740E218F0D6D0039A92A /* DetailNavigationBar.swift */,
				787DDFD3219326A300332121 /* DetailCell.swift */,
				787DDFD4219326A300332121 /* DetailCell.xib */,
				787ED773223114C20097E79E /* BookCell.swift */,
				787ED771223112BD0097E79E /* BookCell.xib */,
				786ED2DD2233DFFE0045E9F1 /* BookImageView.swift */,
				787ED7772231309C0097E79E /* Preview.xib */,
				78C33982219AE6AE0074B389 /* NavigationBar.swift */,
			);
			path = Views;
			sourceTree = "<group>";
		};
		78F0719B218346CF0034E417 /* ViewControllers */ = {
			isa = PBXGroup;
			children = (
				7810F412224F67D800C8EB94 /* NoticeVC.swift */,
				7810F410224E5B9B00C8EB94 /* SettingVC.swift */,
				786BA3DE2223C56E00280503 /* WelcomeVC.swift */,
				786ED2E12233ECC00045E9F1 /* BarcodeScannerVC.swift */,
				7822645F222BC8C800C21546 /* FriendsVC.swift */,
				78F0719F218348410034E417 /* MainVC.swift */,
				783341F1218ECD510032678C /* BookDetailVC.swift */,
				78A517AB2225415000CB3035 /* BookShelfVC.swift */,
				78E37E3F222E853500D2CC05 /* Adding */,
			);
			path = ViewControllers;
			sourceTree = "<group>";
		};
		78F0719C218346DB0034E417 /* Models */ = {
			isa = PBXGroup;
			children = (
				786BA3D62223BF2900280503 /* Book.swift */,
				786BA3D82223BF9E00280503 /* Content.swift */,
				786BA3DA2223BFA400280503 /* User.swift */,
				786BA3DC2223BFFB00280503 /* Bookshelf.swift */,
				78F0719E218346E70034E417 /* Network */,
				786BA3E22223D42300280503 /* Token.swift */,
				787515C222350CCB0054127B /* Friend.swift */,
				78C897E2223FCBAB00DC2BE4 /* Datas.swift */,
				7810F414224FA7E800C8EB94 /* Setting.swift */,
			);
			path = Models;
			sourceTree = "<group>";
		};
		78F0719D218346DF0034E417 /* Extensions */ = {
			isa = PBXGroup;
			children = (
				783D31D9218B35D8004B5DBC /* UINavigationBar.swift */,
				78A239F62195C6EB00F2A835 /* Colors.swift */,
				786BA3EB2225367A00280503 /* swiftSVG.swift */,
				785FFF57222620D00040E1F4 /* ViewController.swift */,
				784B1A6322294F8E009F779C /* Date.swift */,
				786ED2DF2233E07B0045E9F1 /* image.swift */,
			);
			path = Extensions;
			sourceTree = "<group>";
		};
		78F0719E218346E70034E417 /* Network */ = {
			isa = PBXGroup;
			children = (
				784E4FEA2221EA2300B617AA /* API.swift */,
				78643712223A7C83009F2E6D /* Info.swift */,
				785FFF59222626880040E1F4 /* UserAPI.swift */,
				786BA3E02223D33300280503 /* AuthAPI.swift */,
				78C897E4223FD69F00DC2BE4 /* FacebookAPI.swift */,
				78C897E6223FE74300DC2BE4 /* Complete_data.swift */,
			);
			path = Network;
			sourceTree = "<group>";
		};
		D992F4810521594AC907246C /* Pods */ = {
			isa = PBXGroup;
			children = (
				14B6D4FCFB618B8DDC4E35A6 /* Pods-biary.debug.xcconfig */,
				9A920514E662420FB7067EF1 /* Pods-biary.release.xcconfig */,
			);
			name = Pods;
			sourceTree = "<group>";
		};
		EBB247BE4A4C308252D590F0 /* Frameworks */ = {
			isa = PBXGroup;
			children = (
				693EE712C11E1EC02693D9DD /* Pods_biary.framework */,
			);
			name = Frameworks;
			sourceTree = "<group>";
		};
/* End PBXGroup section */

/* Begin PBXNativeTarget section */
		78DA2517218137D600DAEDE4 /* biary */ = {
			isa = PBXNativeTarget;
			buildConfigurationList = 78DA252A218137D800DAEDE4 /* Build configuration list for PBXNativeTarget "biary" */;
			buildPhases = (
				C2D89F3FCFA39E019E2EA465 /* [CP] Check Pods Manifest.lock */,
				78DA2514218137D600DAEDE4 /* Sources */,
				78DA2515218137D600DAEDE4 /* Frameworks */,
				E62EED9B3D667B480F11A2F0 /* [Carte] Pre Script */,
				78DA2516218137D600DAEDE4 /* Resources */,
				6F09AC68488332B30709BADD /* [Carte] Post Script */,
				5FB90BC21DBE7254E83930B4 /* [CP] Embed Pods Frameworks */,
			);
			buildRules = (
			);
			dependencies = (
			);
			name = biary;
			productName = biary;
			productReference = 78DA2518218137D600DAEDE4 /* biary.app */;
			productType = "com.apple.product-type.application";
		};
/* End PBXNativeTarget section */

/* Begin PBXProject section */
		78DA2510218137D600DAEDE4 /* Project object */ = {
			isa = PBXProject;
			attributes = {
				LastSwiftUpdateCheck = 1000;
				LastUpgradeCheck = 1000;
				ORGANIZATIONNAME = "이창현";
				TargetAttributes = {
					78DA2517218137D600DAEDE4 = {
						CreatedOnToolsVersion = 10.0;
					};
				};
			};
			buildConfigurationList = 78DA2513218137D600DAEDE4 /* Build configuration list for PBXProject "biary" */;
			compatibilityVersion = "Xcode 9.3";
			developmentRegion = en;
			hasScannedForEncodings = 0;
			knownRegions = (
				en,
				Base,
			);
			mainGroup = 78DA250F218137D600DAEDE4;
			productRefGroup = 78DA2519218137D600DAEDE4 /* Products */;
			projectDirPath = "";
			projectRoot = "";
			targets = (
				78DA2517218137D600DAEDE4 /* biary */,
			);
		};
/* End PBXProject section */

/* Begin PBXResourcesBuildPhase section */
		78DA2516218137D600DAEDE4 /* Resources */ = {
			isa = PBXResourcesBuildPhase;
			buildActionMask = 2147483647;
			files = (
				78DA2526218137D800DAEDE4 /* LaunchScreen.storyboard in Resources */,
				78BBE4392221DFB900D6ACDD /* Welcome.storyboard in Resources */,
				786BA3E6222532F200280503 /* search.svg in Resources */,
				786BA3EA222532FC00280503 /* setting.svg in Resources */,
				78DA2523218137D800DAEDE4 /* Assets.xcassets in Resources */,
				78BBE4452221E1C600D6ACDD /* NotoSansCJKkr-Bold.otf in Resources */,
				787DDFD6219326A300332121 /* DetailCell.xib in Resources */,
				78BBE4472221E1C600D6ACDD /* NotoSansCJKkr-Light.otf in Resources */,
				78DA2521218137D600DAEDE4 /* Main.storyboard in Resources */,
				78BBE4482221E1C600D6ACDD /* NotoSansCJKkr-Medium.otf in Resources */,
				786BA3E8222532F600280503 /* add.svg in Resources */,
				78BBE4502221E59A00D6ACDD /* facebook.svg in Resources */,
				787ED772223112BD0097E79E /* BookCell.xib in Resources */,
				787ED7782231309C0097E79E /* Preview.xib in Resources */,
				78BBE4492221E1C600D6ACDD /* NotoSansCJKkr-Regular.otf in Resources */,
			);
			runOnlyForDeploymentPostprocessing = 0;
		};
/* End PBXResourcesBuildPhase section */

/* Begin PBXShellScriptBuildPhase section */
		5FB90BC21DBE7254E83930B4 /* [CP] Embed Pods Frameworks */ = {
			isa = PBXShellScriptBuildPhase;
			buildActionMask = 2147483647;
			files = (
			);
			inputPaths = (
				"${SRCROOT}/Pods/Target Support Files/Pods-biary/Pods-biary-frameworks.sh",
				"${BUILT_PRODUCTS_DIR}/AMPopTip/AMPopTip.framework",
				"${BUILT_PRODUCTS_DIR}/ActionSheetPicker-3.0/ActionSheetPicker_3_0.framework",
				"${BUILT_PRODUCTS_DIR}/Alamofire/Alamofire.framework",
				"${BUILT_PRODUCTS_DIR}/Bolts/Bolts.framework",
				"${BUILT_PRODUCTS_DIR}/Carte/Carte.framework",
				"${BUILT_PRODUCTS_DIR}/Disk/Disk.framework",
				"${BUILT_PRODUCTS_DIR}/FBSDKCoreKit/FBSDKCoreKit.framework",
				"${BUILT_PRODUCTS_DIR}/FBSDKLoginKit/FBSDKLoginKit.framework",
				"${BUILT_PRODUCTS_DIR}/FacebookCore/FacebookCore.framework",
				"${BUILT_PRODUCTS_DIR}/PeekPop/PeekPop.framework",
				"${BUILT_PRODUCTS_DIR}/SDWebImage/SDWebImage.framework",
				"${BUILT_PRODUCTS_DIR}/Spring/Spring.framework",
				"${BUILT_PRODUCTS_DIR}/SwiftRater/SwiftRater.framework",
				"${BUILT_PRODUCTS_DIR}/SwiftyJSON/SwiftyJSON.framework",
				"${BUILT_PRODUCTS_DIR}/UITextView+Placeholder/UITextView_Placeholder.framework",
			);
			name = "[CP] Embed Pods Frameworks";
			outputPaths = (
				"${TARGET_BUILD_DIR}/${FRAMEWORKS_FOLDER_PATH}/AMPopTip.framework",
				"${TARGET_BUILD_DIR}/${FRAMEWORKS_FOLDER_PATH}/ActionSheetPicker_3_0.framework",
				"${TARGET_BUILD_DIR}/${FRAMEWORKS_FOLDER_PATH}/Alamofire.framework",
				"${TARGET_BUILD_DIR}/${FRAMEWORKS_FOLDER_PATH}/Bolts.framework",
				"${TARGET_BUILD_DIR}/${FRAMEWORKS_FOLDER_PATH}/Carte.framework",
				"${TARGET_BUILD_DIR}/${FRAMEWORKS_FOLDER_PATH}/Disk.framework",
				"${TARGET_BUILD_DIR}/${FRAMEWORKS_FOLDER_PATH}/FBSDKCoreKit.framework",
				"${TARGET_BUILD_DIR}/${FRAMEWORKS_FOLDER_PATH}/FBSDKLoginKit.framework",
				"${TARGET_BUILD_DIR}/${FRAMEWORKS_FOLDER_PATH}/FacebookCore.framework",
				"${TARGET_BUILD_DIR}/${FRAMEWORKS_FOLDER_PATH}/PeekPop.framework",
				"${TARGET_BUILD_DIR}/${FRAMEWORKS_FOLDER_PATH}/SDWebImage.framework",
				"${TARGET_BUILD_DIR}/${FRAMEWORKS_FOLDER_PATH}/Spring.framework",
				"${TARGET_BUILD_DIR}/${FRAMEWORKS_FOLDER_PATH}/SwiftRater.framework",
				"${TARGET_BUILD_DIR}/${FRAMEWORKS_FOLDER_PATH}/SwiftyJSON.framework",
				"${TARGET_BUILD_DIR}/${FRAMEWORKS_FOLDER_PATH}/UITextView_Placeholder.framework",
			);
			runOnlyForDeploymentPostprocessing = 0;
			shellPath = /bin/sh;
			shellScript = "\"${SRCROOT}/Pods/Target Support Files/Pods-biary/Pods-biary-frameworks.sh\"\n";
			showEnvVarsInLog = 0;
		};
		6F09AC68488332B30709BADD /* [Carte] Post Script */ = {
			isa = PBXShellScriptBuildPhase;
			buildActionMask = 2147483647;
			files = (
			);
			inputPaths = (
			);
			name = "[Carte] Post Script";
			outputPaths = (
			);
			runOnlyForDeploymentPostprocessing = 0;
			shellPath = /bin/sh;
			shellScript = "ruby ${PODS_ROOT}/Carte/Sources/Carte/carte.rb post";
			showEnvVarsInLog = 0;
		};
		C2D89F3FCFA39E019E2EA465 /* [CP] Check Pods Manifest.lock */ = {
			isa = PBXShellScriptBuildPhase;
			buildActionMask = 2147483647;
			files = (
			);
			inputPaths = (
				"${PODS_PODFILE_DIR_PATH}/Podfile.lock",
				"${PODS_ROOT}/Manifest.lock",
			);
			name = "[CP] Check Pods Manifest.lock";
			outputPaths = (
				"$(DERIVED_FILE_DIR)/Pods-biary-checkManifestLockResult.txt",
			);
			runOnlyForDeploymentPostprocessing = 0;
			shellPath = /bin/sh;
			shellScript = "diff \"${PODS_PODFILE_DIR_PATH}/Podfile.lock\" \"${PODS_ROOT}/Manifest.lock\" > /dev/null\nif [ $? != 0 ] ; then\n    # print error to STDERR\n    echo \"error: The sandbox is not in sync with the Podfile.lock. Run 'pod install' or update your CocoaPods installation.\" >&2\n    exit 1\nfi\n# This output is used by Xcode 'outputs' to avoid re-running this script phase.\necho \"SUCCESS\" > \"${SCRIPT_OUTPUT_FILE_0}\"\n";
			showEnvVarsInLog = 0;
		};
		E62EED9B3D667B480F11A2F0 /* [Carte] Pre Script */ = {
			isa = PBXShellScriptBuildPhase;
			buildActionMask = 2147483647;
			files = (
			);
			inputPaths = (
			);
			name = "[Carte] Pre Script";
			outputPaths = (
			);
			runOnlyForDeploymentPostprocessing = 0;
			shellPath = /bin/sh;
			shellScript = "ruby ${PODS_ROOT}/Carte/Sources/Carte/carte.rb pre";
			showEnvVarsInLog = 0;
		};
/* End PBXShellScriptBuildPhase section */

/* Begin PBXSourcesBuildPhase section */
		78DA2514218137D600DAEDE4 /* Sources */ = {
			isa = PBXSourcesBuildPhase;
			buildActionMask = 2147483647;
			files = (
				7810740F218F0D6D0039A92A /* DetailNavigationBar.swift in Sources */,
				7810F411224E5B9B00C8EB94 /* SettingVC.swift in Sources */,
				78C897E3223FCBAB00DC2BE4 /* Datas.swift in Sources */,
				78A239F72195C6EB00F2A835 /* Colors.swift in Sources */,
				78A517AC2225415000CB3035 /* BookShelfVC.swift in Sources */,
				781D8DBF21855281006D9551 /* MainTableCell.swift in Sources */,
				7810F415224FA7E800C8EB94 /* Setting.swift in Sources */,
				786ED2E22233ECC00045E9F1 /* BarcodeScannerVC.swift in Sources */,
				786BA3D92223BF9E00280503 /* Content.swift in Sources */,
				787DDFD5219326A300332121 /* DetailCell.swift in Sources */,
				784B1A6422294F8E009F779C /* Date.swift in Sources */,
				787ED77622312A900097E79E /* PreviewVC.swift in Sources */,
				786BA3DF2223C56E00280503 /* WelcomeVC.swift in Sources */,
				787ED774223114C20097E79E /* BookCell.swift in Sources */,
				785FFF58222620D00040E1F4 /* ViewController.swift in Sources */,
				78E37E3C222D549D00D2CC05 /* BookShelfSelectingVC.swift in Sources */,
				788D76EC22329073007CA9B3 /* BookCreateVC.swift in Sources */,
				786BA3EC2225367A00280503 /* swiftSVG.swift in Sources */,
				78E37E3E222E852100D2CC05 /* BookAddSearchVC.swift in Sources */,
				781D8DC121855376006D9551 /* MainCollectionCell.swift in Sources */,
				78C33983219AE6AE0074B389 /* NavigationBar.swift in Sources */,
				786BA3DB2223BFA400280503 /* User.swift in Sources */,
				783341F2218ECD510032678C /* BookDetailVC.swift in Sources */,
				783341F4218ECE140032678C /* DetailHeaderView.swift in Sources */,
				786BA3E32223D42300280503 /* Token.swift in Sources */,
				787515C322350CCB0054127B /* Friend.swift in Sources */,
				786BA3D72223BF2900280503 /* Book.swift in Sources */,
				783FFBED219D8606002B6977 /* WriteVC.swift in Sources */,
				78C897E7223FE74300DC2BE4 /* Complete_data.swift in Sources */,
				7810F413224F67D800C8EB94 /* NoticeVC.swift in Sources */,
				786ED2DE2233DFFE0045E9F1 /* BookImageView.swift in Sources */,
				78C897E5223FD69F00DC2BE4 /* FacebookAPI.swift in Sources */,
				78643713223A7C83009F2E6D /* Info.swift in Sources */,
				785FFF5A222626880040E1F4 /* UserAPI.swift in Sources */,
				78643715223C7887009F2E6D /* FriendTableCell.swift in Sources */,
				78DA251C218137D600DAEDE4 /* AppDelegate.swift in Sources */,
				786BA3E12223D33300280503 /* AuthAPI.swift in Sources */,
				784E4FEB2221EA2300B617AA /* API.swift in Sources */,
				786BA3DD2223BFFB00280503 /* Bookshelf.swift in Sources */,
				787515C722351D0E0054127B /* FriendCell.swift in Sources */,
				78F071A0218348410034E417 /* MainVC.swift in Sources */,
				78226460222BC8C800C21546 /* FriendsVC.swift in Sources */,
				786ED2E02233E07B0045E9F1 /* image.swift in Sources */,
				783D31DA218B35D8004B5DBC /* UINavigationBar.swift in Sources */,
			);
			runOnlyForDeploymentPostprocessing = 0;
		};
/* End PBXSourcesBuildPhase section */

/* Begin PBXVariantGroup section */
		78DA251F218137D600DAEDE4 /* Main.storyboard */ = {
			isa = PBXVariantGroup;
			children = (
				78DA2520218137D600DAEDE4 /* Base */,
			);
			name = Main.storyboard;
			sourceTree = "<group>";
		};
		78DA2524218137D800DAEDE4 /* LaunchScreen.storyboard */ = {
			isa = PBXVariantGroup;
			children = (
				78DA2525218137D800DAEDE4 /* Base */,
			);
			name = LaunchScreen.storyboard;
			sourceTree = "<group>";
		};
/* End PBXVariantGroup section */

/* Begin XCBuildConfiguration section */
		78DA2528218137D800DAEDE4 /* Debug */ = {
			isa = XCBuildConfiguration;
			buildSettings = {
				ALWAYS_SEARCH_USER_PATHS = NO;
				CLANG_ANALYZER_NONNULL = YES;
				CLANG_ANALYZER_NUMBER_OBJECT_CONVERSION = YES_AGGRESSIVE;
				CLANG_CXX_LANGUAGE_STANDARD = "gnu++14";
				CLANG_CXX_LIBRARY = "libc++";
				CLANG_ENABLE_MODULES = YES;
				CLANG_ENABLE_OBJC_ARC = YES;
				CLANG_ENABLE_OBJC_WEAK = YES;
				CLANG_WARN_BLOCK_CAPTURE_AUTORELEASING = YES;
				CLANG_WARN_BOOL_CONVERSION = YES;
				CLANG_WARN_COMMA = YES;
				CLANG_WARN_CONSTANT_CONVERSION = YES;
				CLANG_WARN_DEPRECATED_OBJC_IMPLEMENTATIONS = YES;
				CLANG_WARN_DIRECT_OBJC_ISA_USAGE = YES_ERROR;
				CLANG_WARN_DOCUMENTATION_COMMENTS = YES;
				CLANG_WARN_EMPTY_BODY = YES;
				CLANG_WARN_ENUM_CONVERSION = YES;
				CLANG_WARN_INFINITE_RECURSION = YES;
				CLANG_WARN_INT_CONVERSION = YES;
				CLANG_WARN_NON_LITERAL_NULL_CONVERSION = YES;
				CLANG_WARN_OBJC_IMPLICIT_RETAIN_SELF = YES;
				CLANG_WARN_OBJC_LITERAL_CONVERSION = YES;
				CLANG_WARN_OBJC_ROOT_CLASS = YES_ERROR;
				CLANG_WARN_RANGE_LOOP_ANALYSIS = YES;
				CLANG_WARN_STRICT_PROTOTYPES = YES;
				CLANG_WARN_SUSPICIOUS_MOVE = YES;
				CLANG_WARN_UNGUARDED_AVAILABILITY = YES_AGGRESSIVE;
				CLANG_WARN_UNREACHABLE_CODE = YES;
				CLANG_WARN__DUPLICATE_METHOD_MATCH = YES;
				CODE_SIGN_IDENTITY = "iPhone Developer";
				COPY_PHASE_STRIP = NO;
				DEBUG_INFORMATION_FORMAT = dwarf;
				ENABLE_STRICT_OBJC_MSGSEND = YES;
				ENABLE_TESTABILITY = YES;
				GCC_C_LANGUAGE_STANDARD = gnu11;
				GCC_DYNAMIC_NO_PIC = NO;
				GCC_NO_COMMON_BLOCKS = YES;
				GCC_OPTIMIZATION_LEVEL = 0;
				GCC_PREPROCESSOR_DEFINITIONS = (
					"DEBUG=1",
					"$(inherited)",
				);
				GCC_WARN_64_TO_32_BIT_CONVERSION = YES;
				GCC_WARN_ABOUT_RETURN_TYPE = YES_ERROR;
				GCC_WARN_UNDECLARED_SELECTOR = YES;
				GCC_WARN_UNINITIALIZED_AUTOS = YES_AGGRESSIVE;
				GCC_WARN_UNUSED_FUNCTION = YES;
				GCC_WARN_UNUSED_VARIABLE = YES;
				IPHONEOS_DEPLOYMENT_TARGET = 12.0;
				MTL_ENABLE_DEBUG_INFO = INCLUDE_SOURCE;
				MTL_FAST_MATH = YES;
				ONLY_ACTIVE_ARCH = YES;
				SDKROOT = iphoneos;
				SWIFT_ACTIVE_COMPILATION_CONDITIONS = DEBUG;
				SWIFT_OPTIMIZATION_LEVEL = "-Onone";
			};
			name = Debug;
		};
		78DA2529218137D800DAEDE4 /* Release */ = {
			isa = XCBuildConfiguration;
			buildSettings = {
				ALWAYS_SEARCH_USER_PATHS = NO;
				CLANG_ANALYZER_NONNULL = YES;
				CLANG_ANALYZER_NUMBER_OBJECT_CONVERSION = YES_AGGRESSIVE;
				CLANG_CXX_LANGUAGE_STANDARD = "gnu++14";
				CLANG_CXX_LIBRARY = "libc++";
				CLANG_ENABLE_MODULES = YES;
				CLANG_ENABLE_OBJC_ARC = YES;
				CLANG_ENABLE_OBJC_WEAK = YES;
				CLANG_WARN_BLOCK_CAPTURE_AUTORELEASING = YES;
				CLANG_WARN_BOOL_CONVERSION = YES;
				CLANG_WARN_COMMA = YES;
				CLANG_WARN_CONSTANT_CONVERSION = YES;
				CLANG_WARN_DEPRECATED_OBJC_IMPLEMENTATIONS = YES;
				CLANG_WARN_DIRECT_OBJC_ISA_USAGE = YES_ERROR;
				CLANG_WARN_DOCUMENTATION_COMMENTS = YES;
				CLANG_WARN_EMPTY_BODY = YES;
				CLANG_WARN_ENUM_CONVERSION = YES;
				CLANG_WARN_INFINITE_RECURSION = YES;
				CLANG_WARN_INT_CONVERSION = YES;
				CLANG_WARN_NON_LITERAL_NULL_CONVERSION = YES;
				CLANG_WARN_OBJC_IMPLICIT_RETAIN_SELF = YES;
				CLANG_WARN_OBJC_LITERAL_CONVERSION = YES;
				CLANG_WARN_OBJC_ROOT_CLASS = YES_ERROR;
				CLANG_WARN_RANGE_LOOP_ANALYSIS = YES;
				CLANG_WARN_STRICT_PROTOTYPES = YES;
				CLANG_WARN_SUSPICIOUS_MOVE = YES;
				CLANG_WARN_UNGUARDED_AVAILABILITY = YES_AGGRESSIVE;
				CLANG_WARN_UNREACHABLE_CODE = YES;
				CLANG_WARN__DUPLICATE_METHOD_MATCH = YES;
				CODE_SIGN_IDENTITY = "iPhone Developer";
				COPY_PHASE_STRIP = NO;
				DEBUG_INFORMATION_FORMAT = "dwarf-with-dsym";
				ENABLE_NS_ASSERTIONS = NO;
				ENABLE_STRICT_OBJC_MSGSEND = YES;
				GCC_C_LANGUAGE_STANDARD = gnu11;
				GCC_NO_COMMON_BLOCKS = YES;
				GCC_WARN_64_TO_32_BIT_CONVERSION = YES;
				GCC_WARN_ABOUT_RETURN_TYPE = YES_ERROR;
				GCC_WARN_UNDECLARED_SELECTOR = YES;
				GCC_WARN_UNINITIALIZED_AUTOS = YES_AGGRESSIVE;
				GCC_WARN_UNUSED_FUNCTION = YES;
				GCC_WARN_UNUSED_VARIABLE = YES;
				IPHONEOS_DEPLOYMENT_TARGET = 12.0;
				MTL_ENABLE_DEBUG_INFO = NO;
				MTL_FAST_MATH = YES;
				SDKROOT = iphoneos;
				SWIFT_COMPILATION_MODE = wholemodule;
				SWIFT_OPTIMIZATION_LEVEL = "-O";
				VALIDATE_PRODUCT = YES;
			};
			name = Release;
		};
		78DA252B218137D800DAEDE4 /* Debug */ = {
			isa = XCBuildConfiguration;
			baseConfigurationReference = 14B6D4FCFB618B8DDC4E35A6 /* Pods-biary.debug.xcconfig */;
			buildSettings = {
				ASSETCATALOG_COMPILER_APPICON_NAME = AppIcon;
				CODE_SIGN_STYLE = Automatic;
				DEVELOPMENT_TEAM = BZY7R6DV42;
				INFOPLIST_FILE = biary/Info.plist;
				LD_RUNPATH_SEARCH_PATHS = (
					"$(inherited)",
					"@executable_path/Frameworks",
				);
				OTHER_LDFLAGS = (
					"$(inherited)",
					"-framework",
					"\"Alamofire\"",
					"-framework",
					"\"Bolts\"",
					"-framework",
					"\"FBSDKCoreKit\"",
					"-framework",
					"\"FBSDKLoginKit\"",
					"-framework",
					"\"FacebookCore\"",
					"-framework",
					"\"PeekPop\"",
					"-framework",
					"\"SDWebImage\"",
					"-framework",
					"\"Spring\"",
					"-framework",
					"\"SwiftyJSON\"",
					"-framework",
					"\"UITextView_Placeholder\"",
					"-Objc",
				);
				PRODUCT_BUNDLE_IDENTIFIER = com.remarkpress.biary;
				PRODUCT_NAME = "$(TARGET_NAME)";
				SWIFT_VERSION = 4.2;
				TARGETED_DEVICE_FAMILY = "1,2";
			};
			name = Debug;
		};
		78DA252C218137D800DAEDE4 /* Release */ = {
			isa = XCBuildConfiguration;
			baseConfigurationReference = 9A920514E662420FB7067EF1 /* Pods-biary.release.xcconfig */;
			buildSettings = {
				ASSETCATALOG_COMPILER_APPICON_NAME = AppIcon;
				CODE_SIGN_STYLE = Automatic;
				DEVELOPMENT_TEAM = BZY7R6DV42;
				INFOPLIST_FILE = biary/Info.plist;
				LD_RUNPATH_SEARCH_PATHS = (
					"$(inherited)",
					"@executable_path/Frameworks",
				);
				OTHER_LDFLAGS = (
					"$(inherited)",
					"-framework",
					"\"Alamofire\"",
					"-framework",
					"\"Bolts\"",
					"-framework",
					"\"FBSDKCoreKit\"",
					"-framework",
					"\"FBSDKLoginKit\"",
					"-framework",
					"\"FacebookCore\"",
					"-framework",
					"\"PeekPop\"",
					"-framework",
					"\"SDWebImage\"",
					"-framework",
					"\"Spring\"",
					"-framework",
					"\"SwiftyJSON\"",
					"-framework",
					"\"UITextView_Placeholder\"",
					"-Objc",
				);
				PRODUCT_BUNDLE_IDENTIFIER = com.remarkpress.biary;
				PRODUCT_NAME = "$(TARGET_NAME)";
				SWIFT_VERSION = 4.2;
				TARGETED_DEVICE_FAMILY = "1,2";
			};
			name = Release;
		};
/* End XCBuildConfiguration section */

/* Begin XCConfigurationList section */
		78DA2513218137D600DAEDE4 /* Build configuration list for PBXProject "biary" */ = {
			isa = XCConfigurationList;
			buildConfigurations = (
				78DA2528218137D800DAEDE4 /* Debug */,
				78DA2529218137D800DAEDE4 /* Release */,
			);
			defaultConfigurationIsVisible = 0;
			defaultConfigurationName = Release;
		};
		78DA252A218137D800DAEDE4 /* Build configuration list for PBXNativeTarget "biary" */ = {
			isa = XCConfigurationList;
			buildConfigurations = (
				78DA252B218137D800DAEDE4 /* Debug */,
				78DA252C218137D800DAEDE4 /* Release */,
			);
			defaultConfigurationIsVisible = 0;
			defaultConfigurationName = Release;
		};
/* End XCConfigurationList section */
	};
	rootObject = 78DA2510218137D600DAEDE4 /* Project object */;
}
